
Microsoft Visual Studio Solution File, Format Version 12.00
# Visual Studio 15
VisualStudioVersion = 15.0.28307.421
MinimumVisualStudioVersion = 10.0.40219.1
Project("{FAE04EC0-301F-11D3-BF4B-00C04F79EFBC}") = "Ogrenci_GectiKaldı", "Ogrenci_GectiKaldı\Ogrenci_GectiKaldı.csproj", "{99162403-5F89-4DC1-9E23-E6D72C5F67D5}"
EndProject
Global
	GlobalSection(SolutionConfigurationPlatforms) = preSolution
		Debug|Any CPU = Debug|Any CPU
		Release|Any CPU = Release|Any CPU
	EndGlobalSection
	GlobalSection(ProjectConfigurationPlatforms) = postSolution
		{99162403-5F89-4DC1-9E23-E6D72C5F67D5}.Debug|Any CPU.ActiveCfg = Debug|Any CPU
		{99162403-5F89-4DC1-9E23-E6D72C5F67D5}.Debug|Any CPU.Build.0 = Debug|Any CPU
		{99162403-5F89-4DC1-9E23-E6D72C5F67D5}.Release|Any CPU.ActiveCfg = Release|Any CPU
		{99162403-5F89-4DC1-9E23-E6D72C5F67D5}.Release|Any CPU.Build.0 = Release|Any CPU
	EndGlobalSection
	GlobalSection(SolutionProperties) = preSolution
		HideSolutionNode = FALSE
	EndGlobalSection
	GlobalSection(ExtensibilityGlobals) = postSolution
		SolutionGuid = {997A50DD-B5AD-4E33-BC2B-39D6B3D3C584}
	EndGlobalSection
EndGlobal
